// !$*UTF8*$!
{
	archiveVersion = 1;
	classes = {
	};
	objectVersion = 56;
	objects = {

/* Begin PBXBuildFile section */
		4AFBE0CAAB74CCCE45A1853F /* Pods_FirstGamesDeepLinkTest.framework in Frameworks */ = {isa = PBXBuildFile; fileRef = F90B314DA798C6BF28EA88D3 /* Pods_FirstGamesDeepLinkTest.framework */; };
		54BA324C2BE3D4D600999B03 /* AppDelegate.swift in Sources */ = {isa = PBXBuildFile; fileRef = 54BA324B2BE3D4D600999B03 /* AppDelegate.swift */; };
		54BA32502BE3D4D600999B03 /* ViewController.swift in Sources */ = {isa = PBXBuildFile; fileRef = 54BA324F2BE3D4D600999B03 /* ViewController.swift */; };
		54BA32532BE3D4D600999B03 /* Main.storyboard in Resources */ = {isa = PBXBuildFile; fileRef = 54BA32512BE3D4D600999B03 /* Main.storyboard */; };
		54BA32552BE3D4D700999B03 /* Assets.xcassets in Resources */ = {isa = PBXBuildFile; fileRef = 54BA32542BE3D4D700999B03 /* Assets.xcassets */; };
		54BA32582BE3D4D700999B03 /* LaunchScreen.storyboard in Resources */ = {isa = PBXBuildFile; fileRef = 54BA32562BE3D4D700999B03 /* LaunchScreen.storyboard */; };
/* End PBXBuildFile section */

/* Begin PBXFileReference section */
		54BA32482BE3D4D600999B03 /* FirstGamesDeepLinkTest.app */ = {isa = PBXFileReference; explicitFileType = wrapper.application; includeInIndex = 0; path = FirstGamesDeepLinkTest.app; sourceTree = BUILT_PRODUCTS_DIR; };
		54BA324B2BE3D4D600999B03 /* AppDelegate.swift */ = {isa = PBXFileReference; lastKnownFileType = sourcecode.swift; path = AppDelegate.swift; sourceTree = "<group>"; };
		54BA324F2BE3D4D600999B03 /* ViewController.swift */ = {isa = PBXFileReference; lastKnownFileType = sourcecode.swift; path = ViewController.swift; sourceTree = "<group>"; };
		54BA32522BE3D4D600999B03 /* Base */ = {isa = PBXFileReference; lastKnownFileType = file.storyboard; name = Base; path = Base.lproj/Main.storyboard; sourceTree = "<group>"; };
		54BA32542BE3D4D700999B03 /* Assets.xcassets */ = {isa = PBXFileReference; lastKnownFileType = folder.assetcatalog; path = Assets.xcassets; sourceTree = "<group>"; };
		54BA32572BE3D4D700999B03 /* Base */ = {isa = PBXFileReference; lastKnownFileType = file.storyboard; name = Base; path = Base.lproj/LaunchScreen.storyboard; sourceTree = "<group>"; };
		54BA32592BE3D4D700999B03 /* Info.plist */ = {isa = PBXFileReference; lastKnownFileType = text.plist.xml; path = Info.plist; sourceTree = "<group>"; };
		ED8661AEC14C79A12979E4CC /* Pods-FirstGamesDeepLinkTest.release.xcconfig */ = {isa = PBXFileReference; includeInIndex = 1; lastKnownFileType = text.xcconfig; name = "Pods-FirstGamesDeepLinkTest.release.xcconfig"; path = "Target Support Files/Pods-FirstGamesDeepLinkTest/Pods-FirstGamesDeepLinkTest.release.xcconfig"; sourceTree = "<group>"; };
		F90B314DA798C6BF28EA88D3 /* Pods_FirstGamesDeepLinkTest.framework */ = {isa = PBXFileReference; explicitFileType = wrapper.framework; includeInIndex = 0; path = Pods_FirstGamesDeepLinkTest.framework; sourceTree = BUILT_PRODUCTS_DIR; };
		FDB05CF47D1EFAC79BA8DEBE /* Pods-FirstGamesDeepLinkTest.debug.xcconfig */ = {isa = PBXFileReference; includeInIndex = 1; lastKnownFileType = text.xcconfig; name = "Pods-FirstGamesDeepLinkTest.debug.xcconfig"; path = "Target Support Files/Pods-FirstGamesDeepLinkTest/Pods-FirstGamesDeepLinkTest.debug.xcconfig"; sourceTree = "<group>"; };
/* End PBXFileReference section */

/* Begin PBXFrameworksBuildPhase section */
		54BA32452BE3D4D600999B03 /* Frameworks */ = {
			isa = PBXFrameworksBuildPhase;
			buildActionMask = 2147483647;
			files = (
				4AFBE0CAAB74CCCE45A1853F /* Pods_FirstGamesDeepLinkTest.framework in Frameworks */,
			);
			runOnlyForDeploymentPostprocessing = 0;
		};
/* End PBXFrameworksBuildPhase section */

/* Begin PBXGroup section */
		047A5DA4E057624AE9754B32 /* Frameworks */ = {
			isa = PBXGroup;
			children = (
				F90B314DA798C6BF28EA88D3 /* Pods_FirstGamesDeepLinkTest.framework */,
			);
			name = Frameworks;
			sourceTree = "<group>";
		};
		54BA323F2BE3D4D600999B03 = {
			isa = PBXGroup;
			children = (
				54BA324A2BE3D4D600999B03 /* FirstGamesDeepLinkTest */,
				54BA32492BE3D4D600999B03 /* Products */,
				6DA71FCC73F6A4B956681AA9 /* Pods */,
				047A5DA4E057624AE9754B32 /* Frameworks */,
			);
			sourceTree = "<group>";
		};
		54BA32492BE3D4D600999B03 /* Products */ = {
			isa = PBXGroup;
			children = (
				54BA32482BE3D4D600999B03 /* FirstGamesDeepLinkTest.app */,
			);
			name = Products;
			sourceTree = "<group>";
		};
		54BA324A2BE3D4D600999B03 /* FirstGamesDeepLinkTest */ = {
			isa = PBXGroup;
			children = (
				54BA324B2BE3D4D600999B03 /* AppDelegate.swift */,
				54BA324F2BE3D4D600999B03 /* ViewController.swift */,
				54BA32512BE3D4D600999B03 /* Main.storyboard */,
				54BA32542BE3D4D700999B03 /* Assets.xcassets */,
				54BA32562BE3D4D700999B03 /* LaunchScreen.storyboard */,
				54BA32592BE3D4D700999B03 /* Info.plist */,
			);
			path = FirstGamesDeepLinkTest;
			sourceTree = "<group>";
		};
		6DA71FCC73F6A4B956681AA9 /* Pods */ = {
			isa = PBXGroup;
			children = (
				FDB05CF47D1EFAC79BA8DEBE /* Pods-FirstGamesDeepLinkTest.debug.xcconfig */,
				ED8661AEC14C79A12979E4CC /* Pods-FirstGamesDeepLinkTest.release.xcconfig */,
			);
			path = Pods;
			sourceTree = "<group>";
		};
/* End PBXGroup section */

/* Begin PBXNativeTarget section */
		54BA32472BE3D4D600999B03 /* FirstGamesDeepLinkTest */ = {
			isa = PBXNativeTarget;
			buildConfigurationList = 54BA325C2BE3D4D700999B03 /* Build configuration list for PBXNativeTarget "FirstGamesDeepLinkTest" */;
			buildPhases = (
				BA9F79548CD60CC8B19EF54A /* [CP] Check Pods Manifest.lock */,
				54BA32442BE3D4D600999B03 /* Sources */,
				54BA32452BE3D4D600999B03 /* Frameworks */,
				54BA32462BE3D4D600999B03 /* Resources */,
				102F5EEF22AEA582CC034462 /* [CP] Embed Pods Frameworks */,
			);
			buildRules = (
			);
			dependencies = (
			);
			name = FirstGamesDeepLinkTest;
			productName = FirstGamesDeepLinkTest;
			productReference = 54BA32482BE3D4D600999B03 /* FirstGamesDeepLinkTest.app */;
			productType = "com.apple.product-type.application";
		};
/* End PBXNativeTarget section */

/* Begin PBXProject section */
		54BA32402BE3D4D600999B03 /* Project object */ = {
			isa = PBXProject;
			attributes = {
				BuildIndependentTargetsInParallel = 1;
				LastSwiftUpdateCheck = 1500;
				LastUpgradeCheck = 1500;
				TargetAttributes = {
					54BA32472BE3D4D600999B03 = {
						CreatedOnToolsVersion = 15.0.1;
					};
				};
			};
			buildConfigurationList = 54BA32432BE3D4D600999B03 /* Build configuration list for PBXProject "FirstGamesDeepLinkTest" */;
			compatibilityVersion = "Xcode 14.0";
			developmentRegion = en;
			hasScannedForEncodings = 0;
			knownRegions = (
				en,
				Base,
			);
			mainGroup = 54BA323F2BE3D4D600999B03;
			productRefGroup = 54BA32492BE3D4D600999B03 /* Products */;
			projectDirPath = "";
			projectRoot = "";
			targets = (
				54BA32472BE3D4D600999B03 /* FirstGamesDeepLinkTest */,
			);
		};
/* End PBXProject section */

/* Begin PBXResourcesBuildPhase section */
		54BA32462BE3D4D600999B03 /* Resources */ = {
			isa = PBXResourcesBuildPhase;
			buildActionMask = 2147483647;
			files = (
				54BA32582BE3D4D700999B03 /* LaunchScreen.storyboard in Resources */,
				54BA32552BE3D4D700999B03 /* Assets.xcassets in Resources */,
				54BA32532BE3D4D600999B03 /* Main.storyboard in Resources */,
			);
			runOnlyForDeploymentPostprocessing = 0;
		};
/* End PBXResourcesBuildPhase section */

/* Begin PBXShellScriptBuildPhase section */
		102F5EEF22AEA582CC034462 /* [CP] Embed Pods Frameworks */ = {
			isa = PBXShellScriptBuildPhase;
			buildActionMask = 2147483647;
			files = (
			);
			inputFileListPaths = (
				"${PODS_ROOT}/Target Support Files/Pods-FirstGamesDeepLinkTest/Pods-FirstGamesDeepLinkTest-frameworks-${CONFIGURATION}-input-files.xcfilelist",
			);
			name = "[CP] Embed Pods Frameworks";
			outputFileListPaths = (
				"${PODS_ROOT}/Target Support Files/Pods-FirstGamesDeepLinkTest/Pods-FirstGamesDeepLinkTest-frameworks-${CONFIGURATION}-output-files.xcfilelist",
			);
			runOnlyForDeploymentPostprocessing = 0;
			shellPath = /bin/sh;
			shellScript = "\"${PODS_ROOT}/Target Support Files/Pods-FirstGamesDeepLinkTest/Pods-FirstGamesDeepLinkTest-frameworks.sh\"\n";
			showEnvVarsInLog = 0;
		};
		BA9F79548CD60CC8B19EF54A /* [CP] Check Pods Manifest.lock */ = {
			isa = PBXShellScriptBuildPhase;
			buildActionMask = 2147483647;
			files = (
			);
			inputFileListPaths = (
			);
			inputPaths = (
				"${PODS_PODFILE_DIR_PATH}/Podfile.lock",
				"${PODS_ROOT}/Manifest.lock",
			);
			name = "[CP] Check Pods Manifest.lock";
			outputFileListPaths = (
			);
			outputPaths = (
				"$(DERIVED_FILE_DIR)/Pods-FirstGamesDeepLinkTest-checkManifestLockResult.txt",
			);
			runOnlyForDeploymentPostprocessing = 0;
			shellPath = /bin/sh;
			shellScript = "diff \"${PODS_PODFILE_DIR_PATH}/Podfile.lock\" \"${PODS_ROOT}/Manifest.lock\" > /dev/null\nif [ $? != 0 ] ; then\n    # print error to STDERR\n    echo \"error: The sandbox is not in sync with the Podfile.lock. Run 'pod install' or update your CocoaPods installation.\" >&2\n    exit 1\nfi\n# This output is used by Xcode 'outputs' to avoid re-running this script phase.\necho \"SUCCESS\" > \"${SCRIPT_OUTPUT_FILE_0}\"\n";
			showEnvVarsInLog = 0;
		};
/* End PBXShellScriptBuildPhase section */

/* Begin PBXSourcesBuildPhase section */
		54BA32442BE3D4D600999B03 /* Sources */ = {
			isa = PBXSourcesBuildPhase;
			buildActionMask = 2147483647;
			files = (
				54BA32502BE3D4D600999B03 /* ViewController.swift in Sources */,
				54BA324C2BE3D4D600999B03 /* AppDelegate.swift in Sources */,
			);
			runOnlyForDeploymentPostprocessing = 0;
		};
/* End PBXSourcesBuildPhase section */

/* Begin PBXVariantGroup section */
		54BA32512BE3D4D600999B03 /* Main.storyboard */ = {
			isa = PBXVariantGroup;
			children = (
				54BA32522BE3D4D600999B03 /* Base */,
			);
			name = Main.storyboard;
			sourceTree = "<group>";
		};
		54BA32562BE3D4D700999B03 /* LaunchScreen.storyboard */ = {
			isa = PBXVariantGroup;
			children = (
				54BA32572BE3D4D700999B03 /* Base */,
			);
			name = LaunchScreen.storyboard;
			sourceTree = "<group>";
		};
/* End PBXVariantGroup section */

/* Begin XCBuildConfiguration section */
		54BA325A2BE3D4D700999B03 /* Debug */ = {
			isa = XCBuildConfiguration;
			buildSettings = {
				ALWAYS_SEARCH_USER_PATHS = NO;
				ASSETCATALOG_COMPILER_GENERATE_SWIFT_ASSET_SYMBOL_EXTENSIONS = YES;
				CLANG_ANALYZER_NONNULL = YES;
				CLANG_ANALYZER_NUMBER_OBJECT_CONVERSION = YES_AGGRESSIVE;
				CLANG_CXX_LANGUAGE_STANDARD = "gnu++20";
				CLANG_ENABLE_MODULES = YES;
				CLANG_ENABLE_OBJC_ARC = YES;
				CLANG_ENABLE_OBJC_WEAK = YES;
				CLANG_WARN_BLOCK_CAPTURE_AUTORELEASING = YES;
				CLANG_WARN_BOOL_CONVERSION = YES;
				CLANG_WARN_COMMA = YES;
				CLANG_WARN_CONSTANT_CONVERSION = YES;
				CLANG_WARN_DEPRECATED_OBJC_IMPLEMENTATIONS = YES;
				CLANG_WARN_DIRECT_OBJC_ISA_USAGE = YES_ERROR;
				CLANG_WARN_DOCUMENTATION_COMMENTS = YES;
				CLANG_WARN_EMPTY_BODY = YES;
				CLANG_WARN_ENUM_CONVERSION = YES;
				CLANG_WARN_INFINITE_RECURSION = YES;
				CLANG_WARN_INT_CONVERSION = YES;
				CLANG_WARN_NON_LITERAL_NULL_CONVERSION = YES;
				CLANG_WARN_OBJC_IMPLICIT_RETAIN_SELF = YES;
				CLANG_WARN_OBJC_LITERAL_CONVERSION = YES;
				CLANG_WARN_OBJC_ROOT_CLASS = YES_ERROR;
				CLANG_WARN_QUOTED_INCLUDE_IN_FRAMEWORK_HEADER = YES;
				CLANG_WARN_RANGE_LOOP_ANALYSIS = YES;
				CLANG_WARN_STRICT_PROTOTYPES = YES;
				CLANG_WARN_SUSPICIOUS_MOVE = YES;
				CLANG_WARN_UNGUARDED_AVAILABILITY = YES_AGGRESSIVE;
				CLANG_WARN_UNREACHABLE_CODE = YES;
				CLANG_WARN__DUPLICATE_METHOD_MATCH = YES;
				COPY_PHASE_STRIP = NO;
				DEBUG_INFORMATION_FORMAT = dwarf;
				ENABLE_STRICT_OBJC_MSGSEND = YES;
				ENABLE_TESTABILITY = YES;
				ENABLE_USER_SCRIPT_SANDBOXING = YES;
				GCC_C_LANGUAGE_STANDARD = gnu17;
				GCC_DYNAMIC_NO_PIC = NO;
				GCC_NO_COMMON_BLOCKS = YES;
				GCC_OPTIMIZATION_LEVEL = 0;
				GCC_PREPROCESSOR_DEFINITIONS = (
					"DEBUG=1",
					"$(inherited)",
				);
				GCC_WARN_64_TO_32_BIT_CONVERSION = YES;
				GCC_WARN_ABOUT_RETURN_TYPE = YES_ERROR;
				GCC_WARN_UNDECLARED_SELECTOR = YES;
				GCC_WARN_UNINITIALIZED_AUTOS = YES_AGGRESSIVE;
				GCC_WARN_UNUSED_FUNCTION = YES;
				GCC_WARN_UNUSED_VARIABLE = YES;
				IPHONEOS_DEPLOYMENT_TARGET = 17.0;
				LOCALIZATION_PREFERS_STRING_CATALOGS = YES;
				MTL_ENABLE_DEBUG_INFO = INCLUDE_SOURCE;
				MTL_FAST_MATH = YES;
				ONLY_ACTIVE_ARCH = YES;
				SDKROOT = iphoneos;
				SWIFT_ACTIVE_COMPILATION_CONDITIONS = "DEBUG $(inherited)";
				SWIFT_OPTIMIZATION_LEVEL = "-Onone";
			};
			name = Debug;
		};
		54BA325B2BE3D4D700999B03 /* Release */ = {
			isa = XCBuildConfiguration;
			buildSettings = {
				ALWAYS_SEARCH_USER_PATHS = NO;
				ASSETCATALOG_COMPILER_GENERATE_SWIFT_ASSET_SYMBOL_EXTENSIONS = YES;
				CLANG_ANALYZER_NONNULL = YES;
				CLANG_ANALYZER_NUMBER_OBJECT_CONVERSION = YES_AGGRESSIVE;
				CLANG_CXX_LANGUAGE_STANDARD = "gnu++20";
				CLANG_ENABLE_MODULES = YES;
				CLANG_ENABLE_OBJC_ARC = YES;
				CLANG_ENABLE_OBJC_WEAK = YES;
				CLANG_WARN_BLOCK_CAPTURE_AUTORELEASING = YES;
				CLANG_WARN_BOOL_CONVERSION = YES;
				CLANG_WARN_COMMA = YES;
				CLANG_WARN_CONSTANT_CONVERSION = YES;
				CLANG_WARN_DEPRECATED_OBJC_IMPLEMENTATIONS = YES;
				CLANG_WARN_DIRECT_OBJC_ISA_USAGE = YES_ERROR;
				CLANG_WARN_DOCUMENTATION_COMMENTS = YES;
				CLANG_WARN_EMPTY_BODY = YES;
				CLANG_WARN_ENUM_CONVERSION = YES;
				CLANG_WARN_INFINITE_RECURSION = YES;
				CLANG_WARN_INT_CONVERSION = YES;
				CLANG_WARN_NON_LITERAL_NULL_CONVERSION = YES;
				CLANG_WARN_OBJC_IMPLICIT_RETAIN_SELF = YES;
				CLANG_WARN_OBJC_LITERAL_CONVERSION = YES;
				CLANG_WARN_OBJC_ROOT_CLASS = YES_ERROR;
				CLANG_WARN_QUOTED_INCLUDE_IN_FRAMEWORK_HEADER = YES;
				CLANG_WARN_RANGE_LOOP_ANALYSIS = YES;
				CLANG_WARN_STRICT_PROTOTYPES = YES;
				CLANG_WARN_SUSPICIOUS_MOVE = YES;
				CLANG_WARN_UNGUARDED_AVAILABILITY = YES_AGGRESSIVE;
				CLANG_WARN_UNREACHABLE_CODE = YES;
				CLANG_WARN__DUPLICATE_METHOD_MATCH = YES;
				COPY_PHASE_STRIP = NO;
				DEBUG_INFORMATION_FORMAT = "dwarf-with-dsym";
				ENABLE_NS_ASSERTIONS = NO;
				ENABLE_STRICT_OBJC_MSGSEND = YES;
				ENABLE_USER_SCRIPT_SANDBOXING = YES;
				GCC_C_LANGUAGE_STANDARD = gnu17;
				GCC_NO_COMMON_BLOCKS = YES;
				GCC_WARN_64_TO_32_BIT_CONVERSION = YES;
				GCC_WARN_ABOUT_RETURN_TYPE = YES_ERROR;
				GCC_WARN_UNDECLARED_SELECTOR = YES;
				GCC_WARN_UNINITIALIZED_AUTOS = YES_AGGRESSIVE;
				GCC_WARN_UNUSED_FUNCTION = YES;
				GCC_WARN_UNUSED_VARIABLE = YES;
				IPHONEOS_DEPLOYMENT_TARGET = 17.0;
				LOCALIZATION_PREFERS_STRING_CATALOGS = YES;
				MTL_ENABLE_DEBUG_INFO = NO;
				MTL_FAST_MATH = YES;
				SDKROOT = iphoneos;
				SWIFT_COMPILATION_MODE = wholemodule;
				VALIDATE_PRODUCT = YES;
			};
			name = Release;
		};
		54BA325D2BE3D4D700999B03 /* Debug */ = {
			isa = XCBuildConfiguration;
			baseConfigurationReference = FDB05CF47D1EFAC79BA8DEBE /* Pods-FirstGamesDeepLinkTest.debug.xcconfig */;
			buildSettings = {
				ASSETCATALOG_COMPILER_APPICON_NAME = AppIcon;
				ASSETCATALOG_COMPILER_GLOBAL_ACCENT_COLOR_NAME = AccentColor;
				CODE_SIGN_STYLE = Automatic;
				CURRENT_PROJECT_VERSION = 1;
				DEVELOPMENT_TEAM = BV8RD52R8F;
				ENABLE_USER_SCRIPT_SANDBOXING = NO;
				GENERATE_INFOPLIST_FILE = YES;
				INFOPLIST_FILE = FirstGamesDeepLinkTest/Info.plist;
				INFOPLIST_KEY_UIApplicationSupportsIndirectInputEvents = YES;
				INFOPLIST_KEY_UILaunchStoryboardName = LaunchScreen;
				INFOPLIST_KEY_UIMainStoryboardFile = Main;
				INFOPLIST_KEY_UISupportedInterfaceOrientations_iPad = "UIInterfaceOrientationPortrait UIInterfaceOrientationPortraitUpsideDown UIInterfaceOrientationLandscapeLeft UIInterfaceOrientationLandscapeRight";
				INFOPLIST_KEY_UISupportedInterfaceOrientations_iPhone = "UIInterfaceOrientationPortrait UIInterfaceOrientationLandscapeLeft UIInterfaceOrientationLandscapeRight";
				LD_RUNPATH_SEARCH_PATHS = (
					"$(inherited)",
					"@executable_path/Frameworks",
				);
				MARKETING_VERSION = 1.0;
				PRODUCT_BUNDLE_IDENTIFIER = com.example.FirstGamesDeepLinkTest;
				PRODUCT_NAME = "$(TARGET_NAME)";
				SWIFT_EMIT_LOC_STRINGS = YES;
				SWIFT_VERSION = 5.0;
				TARGETED_DEVICE_FAMILY = "1,2";
			};
			name = Debug;
		};
		54BA325E2BE3D4D700999B03 /* Release */ = {
			isa = XCBuildConfiguration;
			baseConfigurationReference = ED8661AEC14C79A12979E4CC /* Pods-FirstGamesDeepLinkTest.release.xcconfig */;
			buildSettings = {
				ASSETCATALOG_COMPILER_APPICON_NAME = AppIcon;
				ASSETCATALOG_COMPILER_GLOBAL_ACCENT_COLOR_NAME = AccentColor;
				CODE_SIGN_STYLE = Automatic;
				CURRENT_PROJECT_VERSION = 1;
				DEVELOPMENT_TEAM = BV8RD52R8F;
				ENABLE_USER_SCRIPT_SANDBOXING = NO;
				GENERATE_INFOPLIST_FILE = YES;
				INFOPLIST_FILE = FirstGamesDeepLinkTest/Info.plist;
				INFOPLIST_KEY_UIApplicationSupportsIndirectInputEvents = YES;
				INFOPLIST_KEY_UILaunchStoryboardName = LaunchScreen;
				INFOPLIST_KEY_UIMainStoryboardFile = Main;
				INFOPLIST_KEY_UISupportedInterfaceOrientations_iPad = "UIInterfaceOrientationPortrait UIInterfaceOrientationPortraitUpsideDown UIInterfaceOrientationLandscapeLeft UIInterfaceOrientationLandscapeRight";
				INFOPLIST_KEY_UISupportedInterfaceOrientations_iPhone = "UIInterfaceOrientationPortrait UIInterfaceOrientationLandscapeLeft UIInterfaceOrientationLandscapeRight";
				LD_RUNPATH_SEARCH_PATHS = (
					"$(inherited)",
					"@executable_path/Frameworks",
				);
				MARKETING_VERSION = 1.0;
				PRODUCT_BUNDLE_IDENTIFIER = com.example.FirstGamesDeepLinkTest;
				PRODUCT_NAME = "$(TARGET_NAME)";
				SWIFT_EMIT_LOC_STRINGS = YES;
				SWIFT_VERSION = 5.0;
				TARGETED_DEVICE_FAMILY = "1,2";
			};
			name = Release;
		};
/* End XCBuildConfiguration section */

/* Begin XCConfigurationList section */
		54BA32432BE3D4D600999B03 /* Build configuration list for PBXProject "FirstGamesDeepLinkTest" */ = {
			isa = XCConfigurationList;
			buildConfigurations = (
				54BA325A2BE3D4D700999B03 /* Debug */,
				54BA325B2BE3D4D700999B03 /* Release */,
			);
			defaultConfigurationIsVisible = 0;
			defaultConfigurationName = Release;
		};
		54BA325C2BE3D4D700999B03 /* Build configuration list for PBXNativeTarget "FirstGamesDeepLinkTest" */ = {
			isa = XCConfigurationList;
			buildConfigurations = (
				54BA325D2BE3D4D700999B03 /* Debug */,
				54BA325E2BE3D4D700999B03 /* Release */,
			);
			defaultConfigurationIsVisible = 0;
			defaultConfigurationName = Release;
		};
/* End XCConfigurationList section */
	};
	rootObject = 54BA32402BE3D4D600999B03 /* Project object */;
}
